
Microsoft Visual Studio Solution File, Format Version 12.00
# Visual Studio Version 17
VisualStudioVersion = 17.0.31912.275
MinimumVisualStudioVersion = 10.0.40219.1
Project("{9A19103F-16F7-4668-BE54-9A1E7A4F7556}") = "SST.WebUI", "SST.WebUI\SST.WebUI.csproj", "{0E20DE0B-B26D-4130-836C-228ACC9E2397}"
EndProject
Project("{9A19103F-16F7-4668-BE54-9A1E7A4F7556}") = "SST.Domain", "..\SST.Domain\SST.Domain.csproj", "{E6B4E2E5-E92B-4B42-B627-68D6BF2C17F1}"
EndProject
Project("{9A19103F-16F7-4668-BE54-9A1E7A4F7556}") = "SST.Persistence", "..\SST.Persistence\SST.Persistence.csproj", "{7BF8BBF3-77A1-44C9-ABF8-7A816EB549B4}"
EndProject
Project("{9A19103F-16F7-4668-BE54-9A1E7A4F7556}") = "SST.Application", "..\SST.Application\SST.Application.csproj", "{96021CCB-A10A-47F1-B11E-F911FB131700}"
EndProject
Global
	GlobalSection(SolutionConfigurationPlatforms) = preSolution
		Debug|Any CPU = Debug|Any CPU
		Release|Any CPU = Release|Any CPU
	EndGlobalSection
	GlobalSection(ProjectConfigurationPlatforms) = postSolution
		{0E20DE0B-B26D-4130-836C-228ACC9E2397}.Debug|Any CPU.ActiveCfg = Debug|Any CPU
		{0E20DE0B-B26D-4130-836C-228ACC9E2397}.Debug|Any CPU.Build.0 = Debug|Any CPU
		{0E20DE0B-B26D-4130-836C-228ACC9E2397}.Release|Any CPU.ActiveCfg = Release|Any CPU
		{0E20DE0B-B26D-4130-836C-228ACC9E2397}.Release|Any CPU.Build.0 = Release|Any CPU
		{E6B4E2E5-E92B-4B42-B627-68D6BF2C17F1}.Debug|Any CPU.ActiveCfg = Debug|Any CPU
		{E6B4E2E5-E92B-4B42-B627-68D6BF2C17F1}.Debug|Any CPU.Build.0 = Debug|Any CPU
		{E6B4E2E5-E92B-4B42-B627-68D6BF2C17F1}.Release|Any CPU.ActiveCfg = Release|Any CPU
		{E6B4E2E5-E92B-4B42-B627-68D6BF2C17F1}.Release|Any CPU.Build.0 = Release|Any CPU
		{7BF8BBF3-77A1-44C9-ABF8-7A816EB549B4}.Debug|Any CPU.ActiveCfg = Debug|Any CPU
		{7BF8BBF3-77A1-44C9-ABF8-7A816EB549B4}.Debug|Any CPU.Build.0 = Debug|Any CPU
		{7BF8BBF3-77A1-44C9-ABF8-7A816EB549B4}.Release|Any CPU.ActiveCfg = Release|Any CPU
		{7BF8BBF3-77A1-44C9-ABF8-7A816EB549B4}.Release|Any CPU.Build.0 = Release|Any CPU
		{96021CCB-A10A-47F1-B11E-F911FB131700}.Debug|Any CPU.ActiveCfg = Debug|Any CPU
		{96021CCB-A10A-47F1-B11E-F911FB131700}.Debug|Any CPU.Build.0 = Debug|Any CPU
		{96021CCB-A10A-47F1-B11E-F911FB131700}.Release|Any CPU.ActiveCfg = Release|Any CPU
		{96021CCB-A10A-47F1-B11E-F911FB131700}.Release|Any CPU.Build.0 = Release|Any CPU
	EndGlobalSection
	GlobalSection(SolutionProperties) = preSolution
		HideSolutionNode = FALSE
	EndGlobalSection
	GlobalSection(ExtensibilityGlobals) = postSolution
		SolutionGuid = {E46BC81F-ED21-46A2-B17E-3A92EA49BB77}
	EndGlobalSection
EndGlobal
